
Microsoft Visual Studio Solution File, Format Version 12.00
# Visual Studio Version 16
VisualStudioVersion = 16.0.31019.35
MinimumVisualStudioVersion = 10.0.40219.1
Project("{FAE04EC0-301F-11D3-BF4B-00C04F79EFBC}") = "N_Puzzle", "N_Puzzle\N_Puzzle.csproj", "{F2FB098A-F54A-49A4-8033-46AA97D1CEA6}"
EndProject
Project("{2150E333-8FDC-42A3-9474-1A3956D46DE8}") = "Solution Items", "Solution Items", "{FEB88086-3B06-4B10-91AD-5FC8DDED2CE3}"
	ProjectSection(SolutionItems) = preProject
		.editorconfig = .editorconfig
	EndProjectSection
EndProject
Global
	GlobalSection(SolutionConfigurationPlatforms) = preSolution
		Debug|Any CPU = Debug|Any CPU
		Release|Any CPU = Release|Any CPU
	EndGlobalSection
	GlobalSection(ProjectConfigurationPlatforms) = postSolution
		{F2FB098A-F54A-49A4-8033-46AA97D1CEA6}.Debug|Any CPU.ActiveCfg = Debug|Any CPU
		{F2FB098A-F54A-49A4-8033-46AA97D1CEA6}.Debug|Any CPU.Build.0 = Debug|Any CPU
		{F2FB098A-F54A-49A4-8033-46AA97D1CEA6}.Release|Any CPU.ActiveCfg = Release|Any CPU
		{F2FB098A-F54A-49A4-8033-46AA97D1CEA6}.Release|Any CPU.Build.0 = Release|Any CPU
	EndGlobalSection
	GlobalSection(SolutionProperties) = preSolution
		HideSolutionNode = FALSE
	EndGlobalSection
	GlobalSection(ExtensibilityGlobals) = postSolution
		SolutionGuid = {332CFD5D-ABD7-44E2-91B4-19DB044E43AD}
	EndGlobalSection
EndGlobal
